
Microsoft Visual Studio Solution File, Format Version 12.00
# Visual Studio Version 17
VisualStudioVersion = 17.13.35919.96 d17.13
MinimumVisualStudioVersion = 10.0.40219.1
Project("{FAE04EC0-301F-11D3-BF4B-00C04F79EFBC}") = "DevFreela.API", "DevFreela.API\DevFreela.API.csproj", "{AAE90DEC-7CFA-4CF5-83BD-902BED00F82E}"
EndProject
Global
	GlobalSection(SolutionConfigurationPlatforms) = preSolution
		Debug|Any CPU = Debug|Any CPU
		Release|Any CPU = Release|Any CPU
	EndGlobalSection
	GlobalSection(ProjectConfigurationPlatforms) = postSolution
		{AAE90DEC-7CFA-4CF5-83BD-902BED00F82E}.Debug|Any CPU.ActiveCfg = Debug|Any CPU
		{AAE90DEC-7CFA-4CF5-83BD-902BED00F82E}.Debug|Any CPU.Build.0 = Debug|Any CPU
		{AAE90DEC-7CFA-4CF5-83BD-902BED00F82E}.Release|Any CPU.ActiveCfg = Release|Any CPU
		{AAE90DEC-7CFA-4CF5-83BD-902BED00F82E}.Release|Any CPU.Build.0 = Release|Any CPU
	EndGlobalSection
	GlobalSection(SolutionProperties) = preSolution
		HideSolutionNode = FALSE
	EndGlobalSection
	GlobalSection(ExtensibilityGlobals) = postSolution
		SolutionGuid = {8A1CC065-117C-4416-BC92-3C36640160D1}
	EndGlobalSection
EndGlobal
